{
  "name": "renault-api",
  "version": "0.0.0",
  "lockfileVersion": 3,
  "requires": true,
  "packages": {
    "": {
      "name": "renault-api",
      "version": "0.0.0",
      "license": "MIT",
      "devDependencies": {
        "prettier": "3.9.10"
      }
    },
    "node_modules/prettier": {
      "version": "3.9.10",
      "resolved": "https://registry.npmjs.org/prettier/-/prettier-3.9.10.tgz",
      "integrity": "sha512-skGHTH1Yb9QvaTC4hWnRTzEYtCpApF0UMBPz+t/0ZPzP8ihefo/btKd+QA7pUE0fEwA1SbS/NmhyEcstdXOIdA==",
      "dev": true,
      "license": "MIT",
      "bin": {
        "prettier": "bin/prettier.cjs"
      },
      "engines": {
        "node": ">=14"
      },
      "funding": {
        "url": "https://github.com/prettier/prettier?sponsor=1"
      }
    }
  }
}
